
Microsoft Visual Studio Solution File, Format Version 12.00
# Visual Studio Version 17
VisualStudioVersion = 17.10.35027.167
MinimumVisualStudioVersion = 10.0.40219.1
Project("{FAE04EC0-301F-11D3-BF4B-00C04F79EFBC}") = "WpfApp2", "WpfApp2.csproj", "{62AB6258-26F9-41AF-810A-C8C1D915DF84}"
EndProject
Global
	GlobalSection(SolutionConfigurationPlatforms) = preSolution
		Debug|Any CPU = Debug|Any CPU
		Release|Any CPU = Release|Any CPU
	EndGlobalSection
	GlobalSection(ProjectConfigurationPlatforms) = postSolution
		{62AB6258-26F9-41AF-810A-C8C1D915DF84}.Debug|Any CPU.ActiveCfg = Debug|Any CPU
		{62AB6258-26F9-41AF-810A-C8C1D915DF84}.Debug|Any CPU.Build.0 = Debug|Any CPU
		{62AB6258-26F9-41AF-810A-C8C1D915DF84}.Release|Any CPU.ActiveCfg = Release|Any CPU
		{62AB6258-26F9-41AF-810A-C8C1D915DF84}.Release|Any CPU.Build.0 = Release|Any CPU
	EndGlobalSection
	GlobalSection(SolutionProperties) = preSolution
		HideSolutionNode = FALSE
	EndGlobalSection
	GlobalSection(ExtensibilityGlobals) = postSolution
		SolutionGuid = {8DB0AD93-2C02-45F0-82E7-93D43795064C}
	EndGlobalSection
EndGlobal
